// !$*UTF8*$!
{
	archiveVersion = 1;
	classes = {
	};
	objectVersion = 77;
	objects = {

/* Begin PBXContainerItemProxy section */
		BEDEC7E82F0972090057BCDD /* PBXContainerItemProxy */ = {
			isa = PBXContainerItemProxy;
			containerPortal = BEDEC7D22F0972070057BCDD /* Project object */;
			proxyType = 1;
			remoteGlobalIDString = BEDEC7D92F0972070057BCDD;
			remoteInfo = HabitTrackerLearning;
		};
		BEDEC7F22F0972090057BCDD /* PBXContainerItemProxy */ = {
			isa = PBXContainerItemProxy;
			containerPortal = BEDEC7D22F0972070057BCDD /* Project object */;
			proxyType = 1;
			remoteGlobalIDString = BEDEC7D92F0972070057BCDD;
			remoteInfo = HabitTrackerLearning;
		};
/* End PBXContainerItemProxy section */

/* Begin PBXFileReference section */
		BEDEC7DA2F0972070057BCDD /* HabitTrackerLearning.app */ = {isa = PBXFileReference; explicitFileType = wrapper.application; includeInIndex = 0; path = HabitTrackerLearning.app; sourceTree = BUILT_PRODUCTS_DIR; };
		BEDEC7E72F0972090057BCDD /* HabitTrackerLearningTests.xctest */ = {isa = PBXFileReference; explicitFileType = wrapper.cfbundle; includeInIndex = 0; path = HabitTrackerLearningTests.xctest; sourceTree = BUILT_PRODUCTS_DIR; };
		BEDEC7F12F0972090057BCDD /* HabitTrackerLearningUITests.xctest */ = {isa = PBXFileReference; explicitFileType = wrapper.cfbundle; includeInIndex = 0; path = HabitTrackerLearningUITests.xctest; sourceTree = BUILT_PRODUCTS_DIR; };
/* End PBXFileReference section */

/* Begin PBXFileSystemSynchronizedRootGroup section */
		BEDEC7DC2F0972070057BCDD /* HabitTrackerLearning */ = {
			isa = PBXFileSystemSynchronizedRootGroup;
			path = HabitTrackerLearning;
			sourceTree = "<group>";
		};
		BEDEC7EA2F0972090057BCDD /* HabitTrackerLearningTests */ = {
			isa = PBXFileSystemSynchronizedRootGroup;
			path = HabitTrackerLearningTests;
			sourceTree = "<group>";
		};
		BEDEC7F42F0972090057BCDD /* HabitTrackerLearningUITests */ = {
			isa = PBXFileSystemSynchronizedRootGroup;
			path = HabitTrackerLearningUITests;
			sourceTree = "<group>";
		};
/* End PBXFileSystemSynchronizedRootGroup section */

/* Begin PBXFrameworksBuildPhase section */
		BEDEC7D72F0972070057BCDD /* Frameworks */ = {
			isa = PBXFrameworksBuildPhase;
			buildActionMask = 2147483647;
			files = (
			);
			runOnlyForDeploymentPostprocessing = 0;
		};
		BEDEC7E42F0972090057BCDD /* Frameworks */ = {
			isa = PBXFrameworksBuildPhase;
			buildActionMask = 2147483647;
			files = (
			);
			runOnlyForDeploymentPostprocessing = 0;
		};
		BEDEC7EE2F0972090057BCDD /* Frameworks */ = {
			isa = PBXFrameworksBuildPhase;
			buildActionMask = 2147483647;
			files = (
			);
			runOnlyForDeploymentPostprocessing = 0;
		};
/* End PBXFrameworksBuildPhase section */

/* Begin PBXGroup section */
		BEDEC7D12F0972070057BCDD = {
			isa = PBXGroup;
			children = (
				BEDEC7DC2F0972070057BCDD /* HabitTrackerLearning */,
				BEDEC7EA2F0972090057BCDD /* HabitTrackerLearningTests */,
				BEDEC7F42F0972090057BCDD /* HabitTrackerLearningUITests */,
				BEDEC7DB2F0972070057BCDD /* Products */,
			);
			sourceTree = "<group>";
		};
		BEDEC7DB2F0972070057BCDD /* Products */ = {
			isa = PBXGroup;
			children = (
				BEDEC7DA2F0972070057BCDD /* HabitTrackerLearning.app */,
				BEDEC7E72F0972090057BCDD /* HabitTrackerLearningTests.xctest */,
				BEDEC7F12F0972090057BCDD /* HabitTrackerLearningUITests.xctest */,
			);
			name = Products;
			sourceTree = "<group>";
		};
/* End PBXGroup section */

/* Begin PBXNativeTarget section */
		BEDEC7D92F0972070057BCDD /* HabitTrackerLearning */ = {
			isa = PBXNativeTarget;
			buildConfigurationList = BEDEC7FB2F0972090057BCDD /* Build configuration list for PBXNativeTarget "HabitTrackerLearning" */;
			buildPhases = (
				BEDEC7D62F0972070057BCDD /* Sources */,
				BEDEC7D72F0972070057BCDD /* Frameworks */,
				BEDEC7D82F0972070057BCDD /* Resources */,
			);
			buildRules = (
			);
			dependencies = (
			);
			fileSystemSynchronizedGroups = (
				BEDEC7DC2F0972070057BCDD /* HabitTrackerLearning */,
			);
			name = HabitTrackerLearning;
			packageProductDependencies = (
			);
			productName = HabitTrackerLearning;
			productReference = BEDEC7DA2F0972070057BCDD /* HabitTrackerLearning.app */;
			productType = "com.apple.product-type.application";
		};
		BEDEC7E62F0972090057BCDD /* HabitTrackerLearningTests */ = {
			isa = PBXNativeTarget;
			buildConfigurationList = BEDEC7FE2F0972090057BCDD /* Build configuration list for PBXNativeTarget "HabitTrackerLearningTests" */;
			buildPhases = (
				BEDEC7E32F0972090057BCDD /* Sources */,
				BEDEC7E42F0972090057BCDD /* Frameworks */,
				BEDEC7E52F0972090057BCDD /* Resources */,
			);
			buildRules = (
			);
			dependencies = (
				BEDEC7E92F0972090057BCDD /* PBXTargetDependency */,
			);
			fileSystemSynchronizedGroups = (
				BEDEC7EA2F0972090057BCDD /* HabitTrackerLearningTests */,
			);
			name = HabitTrackerLearningTests;
			packageProductDependencies = (
			);
			productName = HabitTrackerLearningTests;
			productReference = BEDEC7E72F0972090057BCDD /* HabitTrackerLearningTests.xctest */;
			productType = "com.apple.product-type.bundle.unit-test";
		};
		BEDEC7F02F0972090057BCDD /* HabitTrackerLearningUITests */ = {
			isa = PBXNativeTarget;
			buildConfigurationList = BEDEC8012F0972090057BCDD /* Build configuration list for PBXNativeTarget "HabitTrackerLearningUITests" */;
			buildPhases = (
				BEDEC7ED2F0972090057BCDD /* Sources */,
				BEDEC7EE2F0972090057BCDD /* Frameworks */,
				BEDEC7EF2F0972090057BCDD /* Resources */,
			);
			buildRules = (
			);
			dependencies = (
				BEDEC7F32F0972090057BCDD /* PBXTargetDependency */,
			);
			fileSystemSynchronizedGroups = (
				BEDEC7F42F0972090057BCDD /* HabitTrackerLearningUITests */,
			);
			name = HabitTrackerLearningUITests;
			packageProductDependencies = (
			);
			productName = HabitTrackerLearningUITests;
			productReference = BEDEC7F12F0972090057BCDD /* HabitTrackerLearningUITests.xctest */;
			productType = "com.apple.product-type.bundle.ui-testing";
		};
/* End PBXNativeTarget section */

/* Begin PBXProject section */
		BEDEC7D22F0972070057BCDD /* Project object */ = {
			isa = PBXProject;
			attributes = {
				BuildIndependentTargetsInParallel = 1;
				LastSwiftUpdateCheck = 2620;
				LastUpgradeCheck = 2620;
				TargetAttributes = {
					BEDEC7D92F0972070057BCDD = {
						CreatedOnToolsVersion = 26.2;
					};
					BEDEC7E62F0972090057BCDD = {
						CreatedOnToolsVersion = 26.2;
						TestTargetID = BEDEC7D92F0972070057BCDD;
					};
					BEDEC7F02F0972090057BCDD = {
						CreatedOnToolsVersion = 26.2;
						TestTargetID = BEDEC7D92F0972070057BCDD;
					};
				};
			};
			buildConfigurationList = BEDEC7D52F0972070057BCDD /* Build configuration list for PBXProject "HabitTrackerLearning" */;
			developmentRegion = en;
			hasScannedForEncodings = 0;
			knownRegions = (
				en,
				Base,
			);
			mainGroup = BEDEC7D12F0972070057BCDD;
			minimizedProjectReferenceProxies = 1;
			preferredProjectObjectVersion = 77;
			productRefGroup = BEDEC7DB2F0972070057BCDD /* Products */;
			projectDirPath = "";
			projectRoot = "";
			targets = (
				BEDEC7D92F0972070057BCDD /* HabitTrackerLearning */,
				BEDEC7E62F0972090057BCDD /* HabitTrackerLearningTests */,
				BEDEC7F02F0972090057BCDD /* HabitTrackerLearningUITests */,
			);
		};
/* End PBXProject section */

/* Begin PBXResourcesBuildPhase section */
		BEDEC7D82F0972070057BCDD /* Resources */ = {
			isa = PBXResourcesBuildPhase;
			buildActionMask = 2147483647;
			files = (
			);
			runOnlyForDeploymentPostprocessing = 0;
		};
		BEDEC7E52F0972090057BCDD /* Resources */ = {
			isa = PBXResourcesBuildPhase;
			buildActionMask = 2147483647;
			files = (
			);
			runOnlyForDeploymentPostprocessing = 0;
		};
		BEDEC7EF2F0972090057BCDD /* Resources */ = {
			isa = PBXResourcesBuildPhase;
			buildActionMask = 2147483647;
			files = (
			);
			runOnlyForDeploymentPostprocessing = 0;
		};
/* End PBXResourcesBuildPhase section */

/* Begin PBXSourcesBuildPhase section */
		BEDEC7D62F0972070057BCDD /* Sources */ = {
			isa = PBXSourcesBuildPhase;
			buildActionMask = 2147483647;
			files = (
			);
			runOnlyForDeploymentPostprocessing = 0;
		};
		BEDEC7E32F0972090057BCDD /* Sources */ = {
			isa = PBXSourcesBuildPhase;
			buildActionMask = 2147483647;
			files = (
			);
			runOnlyForDeploymentPostprocessing = 0;
		};
		BEDEC7ED2F0972090057BCDD /* Sources */ = {
			isa = PBXSourcesBuildPhase;
			buildActionMask = 2147483647;
			files = (
			);
			runOnlyForDeploymentPostprocessing = 0;
		};
/* End PBXSourcesBuildPhase section */

/* Begin PBXTargetDependency section */
		BEDEC7E92F0972090057BCDD /* PBXTargetDependency */ = {
			isa = PBXTargetDependency;
			target = BEDEC7D92F0972070057BCDD /* HabitTrackerLearning */;
			targetProxy = BEDEC7E82F0972090057BCDD /* PBXContainerItemProxy */;
		};
		BEDEC7F32F0972090057BCDD /* PBXTargetDependency */ = {
			isa = PBXTargetDependency;
			target = BEDEC7D92F0972070057BCDD /* HabitTrackerLearning */;
			targetProxy = BEDEC7F22F0972090057BCDD /* PBXContainerItemProxy */;
		};
/* End PBXTargetDependency section */

/* Begin XCBuildConfiguration section */
		BEDEC7F92F0972090057BCDD /* Debug */ = {
			isa = XCBuildConfiguration;
			buildSettings = {
				ALWAYS_SEARCH_USER_PATHS = NO;
				ASSETCATALOG_COMPILER_GENERATE_SWIFT_ASSET_SYMBOL_EXTENSIONS = YES;
				CLANG_ANALYZER_NONNULL = YES;
				CLANG_ANALYZER_NUMBER_OBJECT_CONVERSION = YES_AGGRESSIVE;
				CLANG_CXX_LANGUAGE_STANDARD = "gnu++20";
				CLANG_ENABLE_MODULES = YES;
				CLANG_ENABLE_OBJC_ARC = YES;
				CLANG_ENABLE_OBJC_WEAK = YES;
				CLANG_WARN_BLOCK_CAPTURE_AUTORELEASING = YES;
				CLANG_WARN_BOOL_CONVERSION = YES;
				CLANG_WARN_COMMA = YES;
				CLANG_WARN_CONSTANT_CONVERSION = YES;
				CLANG_WARN_DEPRECATED_OBJC_IMPLEMENTATIONS = YES;
				CLANG_WARN_DIRECT_OBJC_ISA_USAGE = YES_ERROR;
				CLANG_WARN_DOCUMENTATION_COMMENTS = YES;
				CLANG_WARN_EMPTY_BODY = YES;
				CLANG_WARN_ENUM_CONVERSION = YES;
				CLANG_WARN_INFINITE_RECURSION = YES;
				CLANG_WARN_INT_CONVERSION = YES;
				CLANG_WARN_NON_LITERAL_NULL_CONVERSION = YES;
				CLANG_WARN_OBJC_IMPLICIT_RETAIN_SELF = YES;
				CLANG_WARN_OBJC_LITERAL_CONVERSION = YES;
				CLANG_WARN_OBJC_ROOT_CLASS = YES_ERROR;
				CLANG_WARN_QUOTED_INCLUDE_IN_FRAMEWORK_HEADER = YES;
				CLANG_WARN_RANGE_LOOP_ANALYSIS = YES;
				CLANG_WARN_STRICT_PROTOTYPES = YES;
				CLANG_WARN_SUSPICIOUS_MOVE = YES;
				CLANG_WARN_UNGUARDED_AVAILABILITY = YES_AGGRESSIVE;
				CLANG_WARN_UNREACHABLE_CODE = YES;
				CLANG_WARN__DUPLICATE_METHOD_MATCH = YES;
				COPY_PHASE_STRIP = NO;
				DEBUG_INFORMATION_FORMAT = dwarf;
				DEVELOPMENT_TEAM = CLD6TKPDX4;
				ENABLE_STRICT_OBJC_MSGSEND = YES;
				ENABLE_TESTABILITY = YES;
				ENABLE_USER_SCRIPT_SANDBOXING = YES;
				GCC_C_LANGUAGE_STANDARD = gnu17;
				GCC_DYNAMIC_NO_PIC = NO;
				GCC_NO_COMMON_BLOCKS = YES;
				GCC_OPTIMIZATION_LEVEL = 0;
				GCC_PREPROCESSOR_DEFINITIONS = (
					"DEBUG=1",
					"$(inherited)",
				);
				GCC_WARN_64_TO_32_BIT_CONVERSION = YES;
				GCC_WARN_ABOUT_RETURN_TYPE = YES_ERROR;
				GCC_WARN_UNDECLARED_SELECTOR = YES;
				GCC_WARN_UNINITIALIZED_AUTOS = YES_AGGRESSIVE;
				GCC_WARN_UNUSED_FUNCTION = YES;
				GCC_WARN_UNUSED_VARIABLE = YES;
				IPHONEOS_DEPLOYMENT_TARGET = 26.2;
				LOCALIZATION_PREFERS_STRING_CATALOGS = YES;
				MTL_ENABLE_DEBUG_INFO = INCLUDE_SOURCE;
				MTL_FAST_MATH = YES;
				ONLY_ACTIVE_ARCH = YES;
				SDKROOT = iphoneos;
				SWIFT_ACTIVE_COMPILATION_CONDITIONS = "DEBUG $(inherited)";
				SWIFT_OPTIMIZATION_LEVEL = "-Onone";
			};
			name = Debug;
		};
		BEDEC7FA2F0972090057BCDD /* Release */ = {
			isa = XCBuildConfiguration;
			buildSettings = {
				ALWAYS_SEARCH_USER_PATHS = NO;
				ASSETCATALOG_COMPILER_GENERATE_SWIFT_ASSET_SYMBOL_EXTENSIONS = YES;
				CLANG_ANALYZER_NONNULL = YES;
				CLANG_ANALYZER_NUMBER_OBJECT_CONVERSION = YES_AGGRESSIVE;
				CLANG_CXX_LANGUAGE_STANDARD = "gnu++20";
				CLANG_ENABLE_MODULES = YES;
				CLANG_ENABLE_OBJC_ARC = YES;
				CLANG_ENABLE_OBJC_WEAK = YES;
				CLANG_WARN_BLOCK_CAPTURE_AUTORELEASING = YES;
				CLANG_WARN_BOOL_CONVERSION = YES;
				CLANG_WARN_COMMA = YES;
				CLANG_WARN_CONSTANT_CONVERSION = YES;
				CLANG_WARN_DEPRECATED_OBJC_IMPLEMENTATIONS = YES;
				CLANG_WARN_DIRECT_OBJC_ISA_USAGE = YES_ERROR;
				CLANG_WARN_DOCUMENTATION_COMMENTS = YES;
				CLANG_WARN_EMPTY_BODY = YES;
				CLANG_WARN_ENUM_CONVERSION = YES;
				CLANG_WARN_INFINITE_RECURSION = YES;
				CLANG_WARN_INT_CONVERSION = YES;
				CLANG_WARN_NON_LITERAL_NULL_CONVERSION = YES;
				CLANG_WARN_OBJC_IMPLICIT_RETAIN_SELF = YES;
				CLANG_WARN_OBJC_LITERAL_CONVERSION = YES;
				CLANG_WARN_OBJC_ROOT_CLASS = YES_ERROR;
				CLANG_WARN_QUOTED_INCLUDE_IN_FRAMEWORK_HEADER = YES;
				CLANG_WARN_RANGE_LOOP_ANALYSIS = YES;
				CLANG_WARN_STRICT_PROTOTYPES = YES;
				CLANG_WARN_SUSPICIOUS_MOVE = YES;
				CLANG_WARN_UNGUARDED_AVAILABILITY = YES_AGGRESSIVE;
				CLANG_WARN_UNREACHABLE_CODE = YES;
				CLANG_WARN__DUPLICATE_METHOD_MATCH = YES;
				COPY_PHASE_STRIP = NO;
				DEBUG_INFORMATION_FORMAT = "dwarf-with-dsym";
				DEVELOPMENT_TEAM = CLD6TKPDX4;
				ENABLE_NS_ASSERTIONS = NO;
				ENABLE_STRICT_OBJC_MSGSEND = YES;
				ENABLE_USER_SCRIPT_SANDBOXING = YES;
				GCC_C_LANGUAGE_STANDARD = gnu17;
				GCC_NO_COMMON_BLOCKS = YES;
				GCC_WARN_64_TO_32_BIT_CONVERSION = YES;
				GCC_WARN_ABOUT_RETURN_TYPE = YES_ERROR;
				GCC_WARN_UNDECLARED_SELECTOR = YES;
				GCC_WARN_UNINITIALIZED_AUTOS = YES_AGGRESSIVE;
				GCC_WARN_UNUSED_FUNCTION = YES;
				GCC_WARN_UNUSED_VARIABLE = YES;
				IPHONEOS_DEPLOYMENT_TARGET = 26.2;
				LOCALIZATION_PREFERS_STRING_CATALOGS = YES;
				MTL_ENABLE_DEBUG_INFO = NO;
				MTL_FAST_MATH = YES;
				SDKROOT = iphoneos;
				SWIFT_COMPILATION_MODE = wholemodule;
				VALIDATE_PRODUCT = YES;
			};
			name = Release;
		};
		BEDEC7FC2F0972090057BCDD /* Debug */ = {
			isa = XCBuildConfiguration;
			buildSettings = {
				ASSETCATALOG_COMPILER_APPICON_NAME = AppIcon;
				ASSETCATALOG_COMPILER_GLOBAL_ACCENT_COLOR_NAME = AccentColor;
				CODE_SIGN_STYLE = Automatic;
				CURRENT_PROJECT_VERSION = 1;
				DEVELOPMENT_TEAM = CLD6TKPDX4;
				ENABLE_PREVIEWS = YES;
				GENERATE_INFOPLIST_FILE = YES;
				INFOPLIST_KEY_UIApplicationSceneManifest_Generation = YES;
				INFOPLIST_KEY_UIApplicationSupportsIndirectInputEvents = YES;
				INFOPLIST_KEY_UILaunchScreen_Generation = YES;
				INFOPLIST_KEY_UISupportedInterfaceOrientations_iPad = "UIInterfaceOrientationPortrait UIInterfaceOrientationPortraitUpsideDown UIInterfaceOrientationLandscapeLeft UIInterfaceOrientationLandscapeRight";
				INFOPLIST_KEY_UISupportedInterfaceOrientations_iPhone = "UIInterfaceOrientationPortrait UIInterfaceOrientationLandscapeLeft UIInterfaceOrientationLandscapeRight";
				LD_RUNPATH_SEARCH_PATHS = (
					"$(inherited)",
					"@executable_path/Frameworks",
				);
				MARKETING_VERSION = 1.0;
				PRODUCT_BUNDLE_IDENTIFIER = ken.HabitTrackerLearning;
				PRODUCT_NAME = "$(TARGET_NAME)";
				STRING_CATALOG_GENERATE_SYMBOLS = YES;
				SWIFT_APPROACHABLE_CONCURRENCY = YES;
				SWIFT_DEFAULT_ACTOR_ISOLATION = MainActor;
				SWIFT_EMIT_LOC_STRINGS = YES;
				SWIFT_UPCOMING_FEATURE_MEMBER_IMPORT_VISIBILITY = YES;
				SWIFT_VERSION = 5.0;
				TARGETED_DEVICE_FAMILY = "1,2";
			};
			name = Debug;
		};
		BEDEC7FD2F0972090057BCDD /* Release */ = {
			isa = XCBuildConfiguration;
			buildSettings = {
				ASSETCATALOG_COMPILER_APPICON_NAME = AppIcon;
				ASSETCATALOG_COMPILER_GLOBAL_ACCENT_COLOR_NAME = AccentColor;
				CODE_SIGN_STYLE = Automatic;
				CURRENT_PROJECT_VERSION = 1;
				DEVELOPMENT_TEAM = CLD6TKPDX4;
				ENABLE_PREVIEWS = YES;
				GENERATE_INFOPLIST_FILE = YES;
				INFOPLIST_KEY_UIApplicationSceneManifest_Generation = YES;
				INFOPLIST_KEY_UIApplicationSupportsIndirectInputEvents = YES;
				INFOPLIST_KEY_UILaunchScreen_Generation = YES;
				INFOPLIST_KEY_UISupportedInterfaceOrientations_iPad = "UIInterfaceOrientationPortrait UIInterfaceOrientationPortraitUpsideDown UIInterfaceOrientationLandscapeLeft UIInterfaceOrientationLandscapeRight";
				INFOPLIST_KEY_UISupportedInterfaceOrientations_iPhone = "UIInterfaceOrientationPortrait UIInterfaceOrientationLandscapeLeft UIInterfaceOrientationLandscapeRight";
				LD_RUNPATH_SEARCH_PATHS = (
					"$(inherited)",
					"@executable_path/Frameworks",
				);
				MARKETING_VERSION = 1.0;
				PRODUCT_BUNDLE_IDENTIFIER = ken.HabitTrackerLearning;
				PRODUCT_NAME = "$(TARGET_NAME)";
				STRING_CATALOG_GENERATE_SYMBOLS = YES;
				SWIFT_APPROACHABLE_CONCURRENCY = YES;
				SWIFT_DEFAULT_ACTOR_ISOLATION = MainActor;
				SWIFT_EMIT_LOC_STRINGS = YES;
				SWIFT_UPCOMING_FEATURE_MEMBER_IMPORT_VISIBILITY = YES;
				SWIFT_VERSION = 5.0;
				TARGETED_DEVICE_FAMILY = "1,2";
			};
			name = Release;
		};
		BEDEC7FF2F0972090057BCDD /* Debug */ = {
			isa = XCBuildConfiguration;
			buildSettings = {
				BUNDLE_LOADER = "$(TEST_HOST)";
				CODE_SIGN_STYLE = Automatic;
				CURRENT_PROJECT_VERSION = 1;
				DEVELOPMENT_TEAM = CLD6TKPDX4;
				GENERATE_INFOPLIST_FILE = YES;
				IPHONEOS_DEPLOYMENT_TARGET = 26.2;
				MARKETING_VERSION = 1.0;
				PRODUCT_BUNDLE_IDENTIFIER = ken.HabitTrackerLearningTests;
				PRODUCT_NAME = "$(TARGET_NAME)";
				STRING_CATALOG_GENERATE_SYMBOLS = NO;
				SWIFT_APPROACHABLE_CONCURRENCY = YES;
				SWIFT_EMIT_LOC_STRINGS = NO;
				SWIFT_UPCOMING_FEATURE_MEMBER_IMPORT_VISIBILITY = YES;
				SWIFT_VERSION = 5.0;
				TARGETED_DEVICE_FAMILY = "1,2";
				TEST_HOST = "$(BUILT_PRODUCTS_DIR)/HabitTrackerLearning.app/$(BUNDLE_EXECUTABLE_FOLDER_PATH)/HabitTrackerLearning";
			};
			name = Debug;
		};
		BEDEC8002F0972090057BCDD /* Release */ = {
			isa = XCBuildConfiguration;
			buildSettings = {
				BUNDLE_LOADER = "$(TEST_HOST)";
				CODE_SIGN_STYLE = Automatic;
				CURRENT_PROJECT_VERSION = 1;
				DEVELOPMENT_TEAM = CLD6TKPDX4;
				GENERATE_INFOPLIST_FILE = YES;
				IPHONEOS_DEPLOYMENT_TARGET = 26.2;
				MARKETING_VERSION = 1.0;
				PRODUCT_BUNDLE_IDENTIFIER = ken.HabitTrackerLearningTests;
				PRODUCT_NAME = "$(TARGET_NAME)";
				STRING_CATALOG_GENERATE_SYMBOLS = NO;
				SWIFT_APPROACHABLE_CONCURRENCY = YES;
				SWIFT_EMIT_LOC_STRINGS = NO;
				SWIFT_UPCOMING_FEATURE_MEMBER_IMPORT_VISIBILITY = YES;
				SWIFT_VERSION = 5.0;
				TARGETED_DEVICE_FAMILY = "1,2";
				TEST_HOST = "$(BUILT_PRODUCTS_DIR)/HabitTrackerLearning.app/$(BUNDLE_EXECUTABLE_FOLDER_PATH)/HabitTrackerLearning";
			};
			name = Release;
		};
		BEDEC8022F0972090057BCDD /* Debug */ = {
			isa = XCBuildConfiguration;
			buildSettings = {
				CODE_SIGN_STYLE = Automatic;
				CURRENT_PROJECT_VERSION = 1;
				DEVELOPMENT_TEAM = CLD6TKPDX4;
				GENERATE_INFOPLIST_FILE = YES;
				MARKETING_VERSION = 1.0;
				PRODUCT_BUNDLE_IDENTIFIER = ken.HabitTrackerLearningUITests;
				PRODUCT_NAME = "$(TARGET_NAME)";
				STRING_CATALOG_GENERATE_SYMBOLS = NO;
				SWIFT_APPROACHABLE_CONCURRENCY = YES;
				SWIFT_EMIT_LOC_STRINGS = NO;
				SWIFT_UPCOMING_FEATURE_MEMBER_IMPORT_VISIBILITY = YES;
				SWIFT_VERSION = 5.0;
				TARGETED_DEVICE_FAMILY = "1,2";
				TEST_TARGET_NAME = HabitTrackerLearning;
			};
			name = Debug;
		};
		BEDEC8032F0972090057BCDD /* Release */ = {
			isa = XCBuildConfiguration;
			buildSettings = {
				CODE_SIGN_STYLE = Automatic;
				CURRENT_PROJECT_VERSION = 1;
				DEVELOPMENT_TEAM = CLD6TKPDX4;
				GENERATE_INFOPLIST_FILE = YES;
				MARKETING_VERSION = 1.0;
				PRODUCT_BUNDLE_IDENTIFIER = ken.HabitTrackerLearningUITests;
				PRODUCT_NAME = "$(TARGET_NAME)";
				STRING_CATALOG_GENERATE_SYMBOLS = NO;
				SWIFT_APPROACHABLE_CONCURRENCY = YES;
				SWIFT_EMIT_LOC_STRINGS = NO;
				SWIFT_UPCOMING_FEATURE_MEMBER_IMPORT_VISIBILITY = YES;
				SWIFT_VERSION = 5.0;
				TARGETED_DEVICE_FAMILY = "1,2";
				TEST_TARGET_NAME = HabitTrackerLearning;
			};
			name = Release;
		};
/* End XCBuildConfiguration section */

/* Begin XCConfigurationList section */
		BEDEC7D52F0972070057BCDD /* Build configuration list for PBXProject "HabitTrackerLearning" */ = {
			isa = XCConfigurationList;
			buildConfigurations = (
				BEDEC7F92F0972090057BCDD /* Debug */,
				BEDEC7FA2F0972090057BCDD /* Release */,
			);
			defaultConfigurationIsVisible = 0;
			defaultConfigurationName = Release;
		};
		BEDEC7FB2F0972090057BCDD /* Build configuration list for PBXNativeTarget "HabitTrackerLearning" */ = {
			isa = XCConfigurationList;
			buildConfigurations = (
				BEDEC7FC2F0972090057BCDD /* Debug */,
				BEDEC7FD2F0972090057BCDD /* Release */,
			);
			defaultConfigurationIsVisible = 0;
			defaultConfigurationName = Release;
		};
		BEDEC7FE2F0972090057BCDD /* Build configuration list for PBXNativeTarget "HabitTrackerLearningTests" */ = {
			isa = XCConfigurationList;
			buildConfigurations = (
				BEDEC7FF2F0972090057BCDD /* Debug */,
				BEDEC8002F0972090057BCDD /* Release */,
			);
			defaultConfigurationIsVisible = 0;
			defaultConfigurationName = Release;
		};
		BEDEC8012F0972090057BCDD /* Build configuration list for PBXNativeTarget "HabitTrackerLearningUITests" */ = {
			isa = XCConfigurationList;
			buildConfigurations = (
				BEDEC8022F0972090057BCDD /* Debug */,
				BEDEC8032F0972090057BCDD /* Release */,
			);
			defaultConfigurationIsVisible = 0;
			defaultConfigurationName = Release;
		};
/* End XCConfigurationList section */
	};
	rootObject = BEDEC7D22F0972070057BCDD /* Project object */;
}
